
Microsoft Visual Studio Solution File, Format Version 12.00
# Visual Studio Version 17
VisualStudioVersion = 17.3.32825.248
MinimumVisualStudioVersion = 10.0.40219.1
Project("{9A19103F-16F7-4668-BE54-9A1E7A4F7556}") = "WebApi", "CoreAPITestProject\WebApi.csproj", "{F4B78B65-054C-4CC3-BC6C-12BD49265AD7}"
EndProject
Project("{9A19103F-16F7-4668-BE54-9A1E7A4F7556}") = "Domain", "Domain\Domain.csproj", "{9C49C279-0593-423C-A1CD-0DAF2B37093B}"
EndProject
Project("{9A19103F-16F7-4668-BE54-9A1E7A4F7556}") = "Data", "Data\Data.csproj", "{A9D98301-C30F-4FF8-854F-E01A1F7881DD}"
EndProject
Project("{9A19103F-16F7-4668-BE54-9A1E7A4F7556}") = "Services", "Services\Services.csproj", "{0FC4FDCD-4C4B-4916-9F63-30C537AC3772}"
EndProject
Global
	GlobalSection(SolutionConfigurationPlatforms) = preSolution
		Debug|Any CPU = Debug|Any CPU
		Release|Any CPU = Release|Any CPU
	EndGlobalSection
	GlobalSection(ProjectConfigurationPlatforms) = postSolution
		{F4B78B65-054C-4CC3-BC6C-12BD49265AD7}.Debug|Any CPU.ActiveCfg = Debug|Any CPU
		{F4B78B65-054C-4CC3-BC6C-12BD49265AD7}.Debug|Any CPU.Build.0 = Debug|Any CPU
		{F4B78B65-054C-4CC3-BC6C-12BD49265AD7}.Release|Any CPU.ActiveCfg = Release|Any CPU
		{F4B78B65-054C-4CC3-BC6C-12BD49265AD7}.Release|Any CPU.Build.0 = Release|Any CPU
		{9C49C279-0593-423C-A1CD-0DAF2B37093B}.Debug|Any CPU.ActiveCfg = Debug|Any CPU
		{9C49C279-0593-423C-A1CD-0DAF2B37093B}.Debug|Any CPU.Build.0 = Debug|Any CPU
		{9C49C279-0593-423C-A1CD-0DAF2B37093B}.Release|Any CPU.ActiveCfg = Release|Any CPU
		{9C49C279-0593-423C-A1CD-0DAF2B37093B}.Release|Any CPU.Build.0 = Release|Any CPU
		{A9D98301-C30F-4FF8-854F-E01A1F7881DD}.Debug|Any CPU.ActiveCfg = Debug|Any CPU
		{A9D98301-C30F-4FF8-854F-E01A1F7881DD}.Debug|Any CPU.Build.0 = Debug|Any CPU
		{A9D98301-C30F-4FF8-854F-E01A1F7881DD}.Release|Any CPU.ActiveCfg = Release|Any CPU
		{A9D98301-C30F-4FF8-854F-E01A1F7881DD}.Release|Any CPU.Build.0 = Release|Any CPU
		{0FC4FDCD-4C4B-4916-9F63-30C537AC3772}.Debug|Any CPU.ActiveCfg = Debug|Any CPU
		{0FC4FDCD-4C4B-4916-9F63-30C537AC3772}.Debug|Any CPU.Build.0 = Debug|Any CPU
		{0FC4FDCD-4C4B-4916-9F63-30C537AC3772}.Release|Any CPU.ActiveCfg = Release|Any CPU
		{0FC4FDCD-4C4B-4916-9F63-30C537AC3772}.Release|Any CPU.Build.0 = Release|Any CPU
	EndGlobalSection
	GlobalSection(SolutionProperties) = preSolution
		HideSolutionNode = FALSE
	EndGlobalSection
	GlobalSection(ExtensibilityGlobals) = postSolution
		SolutionGuid = {DFFB75BC-060C-415B-994F-A16E190E0E92}
	EndGlobalSection
EndGlobal
